
Microsoft Visual Studio Solution File, Format Version 12.00
# Visual Studio Version 17
VisualStudioVersion = 17.1.32210.238
MinimumVisualStudioVersion = 10.0.40219.1
Project("{FAE04EC0-301F-11D3-BF4B-00C04F79EFBC}") = "3페이지 level 1 01번 - 나누어떨어지는배열", "3페이지 level 1 01번 - 나누어떨어지는배열\3페이지 level 1 01번 - 나누어떨어지는배열.csproj", "{C40D2078-0C7C-4721-B538-B79538560462}"
EndProject
Project("{FAE04EC0-301F-11D3-BF4B-00C04F79EFBC}") = "3페이지 level 1 02번 - 가운데글자가져오기", "3페이지 level 1 02번 - 가운데글자가져오기\3페이지 level 1 02번 - 가운데글자가져오기.csproj", "{CF784561-211D-47C6-8CCE-52E6DCC7BA68}"
EndProject
Project("{FAE04EC0-301F-11D3-BF4B-00C04F79EFBC}") = "3페이지 level 1 03번 - 부족한금액계산하기", "3페이지 level 1 03번 - 부족한금액계산하기\3페이지 level 1 03번 - 부족한금액계산하기.csproj", "{AEE13B9B-59AE-4344-8089-068696BAA757}"
EndProject
Project("{FAE04EC0-301F-11D3-BF4B-00C04F79EFBC}") = "3페이지 level 1 04번 - 나머지가1이되는숫자찾기", "3페이지 level 1 04번 - 나머지가1이되는숫자찾기\3페이지 level 1 04번 - 나머지가1이되는숫자찾기.csproj", "{C82C425F-10B2-4092-9DB7-807250AB2AFD}"
EndProject
Global
	GlobalSection(SolutionConfigurationPlatforms) = preSolution
		Debug|Any CPU = Debug|Any CPU
		Release|Any CPU = Release|Any CPU
	EndGlobalSection
	GlobalSection(ProjectConfigurationPlatforms) = postSolution
		{C40D2078-0C7C-4721-B538-B79538560462}.Debug|Any CPU.ActiveCfg = Debug|Any CPU
		{C40D2078-0C7C-4721-B538-B79538560462}.Debug|Any CPU.Build.0 = Debug|Any CPU
		{C40D2078-0C7C-4721-B538-B79538560462}.Release|Any CPU.ActiveCfg = Release|Any CPU
		{C40D2078-0C7C-4721-B538-B79538560462}.Release|Any CPU.Build.0 = Release|Any CPU
		{CF784561-211D-47C6-8CCE-52E6DCC7BA68}.Debug|Any CPU.ActiveCfg = Debug|Any CPU
		{CF784561-211D-47C6-8CCE-52E6DCC7BA68}.Debug|Any CPU.Build.0 = Debug|Any CPU
		{CF784561-211D-47C6-8CCE-52E6DCC7BA68}.Release|Any CPU.ActiveCfg = Release|Any CPU
		{CF784561-211D-47C6-8CCE-52E6DCC7BA68}.Release|Any CPU.Build.0 = Release|Any CPU
		{AEE13B9B-59AE-4344-8089-068696BAA757}.Debug|Any CPU.ActiveCfg = Debug|Any CPU
		{AEE13B9B-59AE-4344-8089-068696BAA757}.Debug|Any CPU.Build.0 = Debug|Any CPU
		{AEE13B9B-59AE-4344-8089-068696BAA757}.Release|Any CPU.ActiveCfg = Release|Any CPU
		{AEE13B9B-59AE-4344-8089-068696BAA757}.Release|Any CPU.Build.0 = Release|Any CPU
		{C82C425F-10B2-4092-9DB7-807250AB2AFD}.Debug|Any CPU.ActiveCfg = Debug|Any CPU
		{C82C425F-10B2-4092-9DB7-807250AB2AFD}.Debug|Any CPU.Build.0 = Debug|Any CPU
		{C82C425F-10B2-4092-9DB7-807250AB2AFD}.Release|Any CPU.ActiveCfg = Release|Any CPU
		{C82C425F-10B2-4092-9DB7-807250AB2AFD}.Release|Any CPU.Build.0 = Release|Any CPU
	EndGlobalSection
	GlobalSection(SolutionProperties) = preSolution
		HideSolutionNode = FALSE
	EndGlobalSection
	GlobalSection(ExtensibilityGlobals) = postSolution
		SolutionGuid = {559DDF2F-DD98-45EB-BA26-B92C0095B87C}
	EndGlobalSection
EndGlobal
